
Microsoft Visual Studio Solution File, Format Version 12.00
# Visual Studio Version 17
VisualStudioVersion = 17.3.32825.248
MinimumVisualStudioVersion = 10.0.40219.1
Project("{FAE04EC0-301F-11D3-BF4B-00C04F79EFBC}") = "EmployeeManagement.Models", "EmployeeManagement.Models\EmployeeManagement.Models.csproj", "{359878CF-43A8-4AC9-B95A-6F6429CED916}"
EndProject
Project("{FAE04EC0-301F-11D3-BF4B-00C04F79EFBC}") = "EmployeeManagement.Web", "EmployeeManagement.Web\EmployeeManagement.Web.csproj", "{2529F747-D925-4976-8F37-A1745BBBA931}"
EndProject
Global
	GlobalSection(SolutionConfigurationPlatforms) = preSolution
		Debug|Any CPU = Debug|Any CPU
		Release|Any CPU = Release|Any CPU
	EndGlobalSection
	GlobalSection(ProjectConfigurationPlatforms) = postSolution
		{359878CF-43A8-4AC9-B95A-6F6429CED916}.Debug|Any CPU.ActiveCfg = Debug|Any CPU
		{359878CF-43A8-4AC9-B95A-6F6429CED916}.Debug|Any CPU.Build.0 = Debug|Any CPU
		{359878CF-43A8-4AC9-B95A-6F6429CED916}.Release|Any CPU.ActiveCfg = Release|Any CPU
		{359878CF-43A8-4AC9-B95A-6F6429CED916}.Release|Any CPU.Build.0 = Release|Any CPU
		{2529F747-D925-4976-8F37-A1745BBBA931}.Debug|Any CPU.ActiveCfg = Debug|Any CPU
		{2529F747-D925-4976-8F37-A1745BBBA931}.Debug|Any CPU.Build.0 = Debug|Any CPU
		{2529F747-D925-4976-8F37-A1745BBBA931}.Release|Any CPU.ActiveCfg = Release|Any CPU
		{2529F747-D925-4976-8F37-A1745BBBA931}.Release|Any CPU.Build.0 = Release|Any CPU
	EndGlobalSection
	GlobalSection(SolutionProperties) = preSolution
		HideSolutionNode = FALSE
	EndGlobalSection
	GlobalSection(ExtensibilityGlobals) = postSolution
		SolutionGuid = {961E1731-0F7D-424C-8E12-CC55255D4735}
	EndGlobalSection
EndGlobal
